PODS:
  - KAProgressLabel (1.2)

DEPENDENCIES:
  - KAProgressLabel (from `https://raw.githubusercontent.com/bespalown/KAProgressLabel/master/KAProgressLabel.podspec`)

EXTERNAL SOURCES:
  KAProgressLabel:
    :podspec: https://raw.githubusercontent.com/bespalown/KAProgressLabel/master/KAProgressLabel.podspec

SPEC CHECKSUMS:
  KAProgressLabel: fb76cac150fdb8eda44f32a51343b1ab46b224cb

COCOAPODS: 0.33.1
